// !$*UTF8*$!
{
	archiveVersion = 1;
	classes = {
	};
	objectVersion = 46;
	objects = {

/* Begin PBXBuildFile section */
		55447575237823C69512AAFA /* Pods_OpenHackathon.framework in Frameworks */ = {isa = PBXBuildFile; fileRef = AD9535A9D467B82A25C7647E /* Pods_OpenHackathon.framework */; };
		930092E71B7ACFD20008206C /* AppDelegate.swift in Sources */ = {isa = PBXBuildFile; fileRef = 930092E61B7ACFD20008206C /* AppDelegate.swift */; };
		930092EC1B7ACFD20008206C /* Main.storyboard in Resources */ = {isa = PBXBuildFile; fileRef = 930092EA1B7ACFD20008206C /* Main.storyboard */; };
		930092EE1B7ACFD20008206C /* Images.xcassets in Resources */ = {isa = PBXBuildFile; fileRef = 930092ED1B7ACFD20008206C /* Images.xcassets */; };
		930092F11B7ACFD20008206C /* LaunchScreen.xib in Resources */ = {isa = PBXBuildFile; fileRef = 930092EF1B7ACFD20008206C /* LaunchScreen.xib */; };
		930092FD1B7ACFD20008206C /* OpenHackathonTests.swift in Sources */ = {isa = PBXBuildFile; fileRef = 930092FC1B7ACFD20008206C /* OpenHackathonTests.swift */; };
		930093091B7BF3C20008206C /* OHColor.swift in Sources */ = {isa = PBXBuildFile; fileRef = 930093081B7BF3C20008206C /* OHColor.swift */; };
		9300930B1B7BF5B20008206C /* HackWesternColor.swift in Sources */ = {isa = PBXBuildFile; fileRef = 9300930A1B7BF5B20008206C /* HackWesternColor.swift */; };
		9300930E1B7BFECE0008206C /* HomeViewController.swift in Sources */ = {isa = PBXBuildFile; fileRef = 9300930D1B7BFECE0008206C /* HomeViewController.swift */; };
		931AF5CB1BF05257002606F6 /* ScheduleItem.swift in Sources */ = {isa = PBXBuildFile; fileRef = 931AF5CA1BF05257002606F6 /* ScheduleItem.swift */; };
		931AF5CD1BF088D5002606F6 /* schedule_info.json in Resources */ = {isa = PBXBuildFile; fileRef = 931AF5CC1BF088D5002606F6 /* schedule_info.json */; };
		931AF5CF1BF177D7002606F6 /* notifications.json in Resources */ = {isa = PBXBuildFile; fileRef = 931AF5CE1BF177D7002606F6 /* notifications.json */; };
		9347E9F71BEF415A007213F0 /* SWRevealViewController.m in Sources */ = {isa = PBXBuildFile; fileRef = 9347E9F61BEF415A007213F0 /* SWRevealViewController.m */; };
		9347E9F91BEF42F4007213F0 /* MenuTableViewController.swift in Sources */ = {isa = PBXBuildFile; fileRef = 9347E9F81BEF42F4007213F0 /* MenuTableViewController.swift */; };
		9347E9FC1BF01BD9007213F0 /* MenuTableViewCell.swift in Sources */ = {isa = PBXBuildFile; fileRef = 9347E9FB1BF01BD9007213F0 /* MenuTableViewCell.swift */; };
		934DFF311B8532DB00F93769 /* ScheduleTableViewController.swift in Sources */ = {isa = PBXBuildFile; fileRef = 934DFF301B8532DB00F93769 /* ScheduleTableViewController.swift */; };
		934DFF331B85339400F93769 /* MapsViewController.swift in Sources */ = {isa = PBXBuildFile; fileRef = 934DFF321B85339400F93769 /* MapsViewController.swift */; };
		934DFF351B8533A700F93769 /* UpdatesTableViewController.swift in Sources */ = {isa = PBXBuildFile; fileRef = 934DFF341B8533A700F93769 /* UpdatesTableViewController.swift */; };
		9350A6F71BFD5A4F00F6945C /* UpdateViewController.swift in Sources */ = {isa = PBXBuildFile; fileRef = 9350A6F61BFD5A4F00F6945C /* UpdateViewController.swift */; };
		935A55041BDEF37200A123DD /* SponsorTableViewCell.swift in Sources */ = {isa = PBXBuildFile; fileRef = 935A55031BDEF37200A123DD /* SponsorTableViewCell.swift */; };
		935A55061BDF374300A123DD /* Bolts.framework in Frameworks */ = {isa = PBXBuildFile; fileRef = 935A55051BDF374300A123DD /* Bolts.framework */; };
		935A55081BDF374F00A123DD /* Parse.framework in Frameworks */ = {isa = PBXBuildFile; fileRef = 935A55071BDF374F00A123DD /* Parse.framework */; };
		935A550B1BDF378B00A123DD /* AudioToolbox.framework in Frameworks */ = {isa = PBXBuildFile; fileRef = 935A550A1BDF378B00A123DD /* AudioToolbox.framework */; };
		935A550D1BDF379400A123DD /* CFNetwork.framework in Frameworks */ = {isa = PBXBuildFile; fileRef = 935A550C1BDF379400A123DD /* CFNetwork.framework */; };
		935A550F1BDF379C00A123DD /* CoreGraphics.framework in Frameworks */ = {isa = PBXBuildFile; fileRef = 935A550E1BDF379C00A123DD /* CoreGraphics.framework */; };
		935A55111BDF37A500A123DD /* CoreLocation.framework in Frameworks */ = {isa = PBXBuildFile; fileRef = 935A55101BDF37A500A123DD /* CoreLocation.framework */; };
		935A55131BDF37AB00A123DD /* QuartzCore.framework in Frameworks */ = {isa = PBXBuildFile; fileRef = 935A55121BDF37AB00A123DD /* QuartzCore.framework */; };
		935A55151BDF37B200A123DD /* Security.framework in Frameworks */ = {isa = PBXBuildFile; fileRef = 935A55141BDF37B200A123DD /* Security.framework */; };
		935A55171BDF37B800A123DD /* StoreKit.framework in Frameworks */ = {isa = PBXBuildFile; fileRef = 935A55161BDF37B800A123DD /* StoreKit.framework */; };
		935A55191BDF37C200A123DD /* SystemConfiguration.framework in Frameworks */ = {isa = PBXBuildFile; fileRef = 935A55181BDF37C200A123DD /* SystemConfiguration.framework */; };
		935A551B1BDF37CD00A123DD /* libz.tbd in Frameworks */ = {isa = PBXBuildFile; fileRef = 935A551A1BDF37CD00A123DD /* libz.tbd */; };
		935A551D1BDF37D600A123DD /* libsqlite3.tbd in Frameworks */ = {isa = PBXBuildFile; fileRef = 935A551C1BDF37D600A123DD /* libsqlite3.tbd */; };
		939E632B1BE2E65100E52D9D /* SponsorData.json in Resources */ = {isa = PBXBuildFile; fileRef = 939E63291BE2E42E00E52D9D /* SponsorData.json */; };
		93A555521B96711A00F81812 /* UpdateTableViewCell.swift in Sources */ = {isa = PBXBuildFile; fileRef = 93A555511B96711A00F81812 /* UpdateTableViewCell.swift */; };
		93A555541B96714900F81812 /* Update.swift in Sources */ = {isa = PBXBuildFile; fileRef = 93A555531B96714900F81812 /* Update.swift */; };
		93A555561B968D6000F81812 /* MapsContentViewController.swift in Sources */ = {isa = PBXBuildFile; fileRef = 93A555551B968D6000F81812 /* MapsContentViewController.swift */; };
		93A555581B9696E800F81812 /* HackathonInfo.swift in Sources */ = {isa = PBXBuildFile; fileRef = 93A555571B9696E800F81812 /* HackathonInfo.swift */; };
		93A5555C1B96978C00F81812 /* OHTime.swift in Sources */ = {isa = PBXBuildFile; fileRef = 93A5555B1B96978C00F81812 /* OHTime.swift */; };
		93A5555E1B96C4F800F81812 /* SponsorsTableViewController.swift in Sources */ = {isa = PBXBuildFile; fileRef = 93A5555D1B96C4F800F81812 /* SponsorsTableViewController.swift */; };
		93A555601B96C56C00F81812 /* Sponsor.swift in Sources */ = {isa = PBXBuildFile; fileRef = 93A5555F1B96C56C00F81812 /* Sponsor.swift */; };
		93A555641B97BB5600F81812 /* ScheduleTableViewCell.swift in Sources */ = {isa = PBXBuildFile; fileRef = 93A555631B97BB5600F81812 /* ScheduleTableViewCell.swift */; };
/* End PBXBuildFile section */

/* Begin PBXContainerItemProxy section */
		930092F71B7ACFD20008206C /* PBXContainerItemProxy */ = {
			isa = PBXContainerItemProxy;
			containerPortal = 930092D91B7ACFD20008206C /* Project object */;
			proxyType = 1;
			remoteGlobalIDString = 930092E01B7ACFD20008206C;
			remoteInfo = OpenHackathon;
		};
/* End PBXContainerItemProxy section */

/* Begin PBXFileReference section */
		3E84C751766D92E589C16A3E /* Pods-OpenHackathon.release.xcconfig */ = {isa = PBXFileReference; includeInIndex = 1; lastKnownFileType = text.xcconfig; name = "Pods-OpenHackathon.release.xcconfig"; path = "Pods/Target Support Files/Pods-OpenHackathon/Pods-OpenHackathon.release.xcconfig"; sourceTree = "<group>"; };
		930092E11B7ACFD20008206C /* OpenHackathon.app */ = {isa = PBXFileReference; explicitFileType = wrapper.application; includeInIndex = 0; path = OpenHackathon.app; sourceTree = BUILT_PRODUCTS_DIR; };
		930092E51B7ACFD20008206C /* Info.plist */ = {isa = PBXFileReference; lastKnownFileType = text.plist.xml; path = Info.plist; sourceTree = "<group>"; };
		930092E61B7ACFD20008206C /* AppDelegate.swift */ = {isa = PBXFileReference; lastKnownFileType = sourcecode.swift; path = AppDelegate.swift; sourceTree = "<group>"; };
		930092EB1B7ACFD20008206C /* Base */ = {isa = PBXFileReference; lastKnownFileType = file.storyboard; name = Base; path = Base.lproj/Main.storyboard; sourceTree = "<group>"; };
		930092ED1B7ACFD20008206C /* Images.xcassets */ = {isa = PBXFileReference; lastKnownFileType = folder.assetcatalog; path = Images.xcassets; sourceTree = "<group>"; };
		930092F01B7ACFD20008206C /* Base */ = {isa = PBXFileReference; lastKnownFileType = file.xib; name = Base; path = Base.lproj/LaunchScreen.xib; sourceTree = "<group>"; };
		930092F61B7ACFD20008206C /* OpenHackathonTests.xctest */ = {isa = PBXFileReference; explicitFileType = wrapper.cfbundle; includeInIndex = 0; path = OpenHackathonTests.xctest; sourceTree = BUILT_PRODUCTS_DIR; };
		930092FB1B7ACFD20008206C /* Info.plist */ = {isa = PBXFileReference; lastKnownFileType = text.plist.xml; path = Info.plist; sourceTree = "<group>"; };
		930092FC1B7ACFD20008206C /* OpenHackathonTests.swift */ = {isa = PBXFileReference; lastKnownFileType = sourcecode.swift; path = OpenHackathonTests.swift; sourceTree = "<group>"; };
		930093081B7BF3C20008206C /* OHColor.swift */ = {isa = PBXFileReference; fileEncoding = 4; lastKnownFileType = sourcecode.swift; path = OHColor.swift; sourceTree = "<group>"; };
		9300930A1B7BF5B20008206C /* HackWesternColor.swift */ = {isa = PBXFileReference; fileEncoding = 4; lastKnownFileType = sourcecode.swift; path = HackWesternColor.swift; sourceTree = "<group>"; };
		9300930D1B7BFECE0008206C /* HomeViewController.swift */ = {isa = PBXFileReference; fileEncoding = 4; lastKnownFileType = sourcecode.swift; path = HomeViewController.swift; sourceTree = "<group>"; };
		931AF5CA1BF05257002606F6 /* ScheduleItem.swift */ = {isa = PBXFileReference; fileEncoding = 4; lastKnownFileType = sourcecode.swift; path = ScheduleItem.swift; sourceTree = "<group>"; };
		931AF5CC1BF088D5002606F6 /* schedule_info.json */ = {isa = PBXFileReference; fileEncoding = 4; lastKnownFileType = text.json; path = schedule_info.json; sourceTree = "<group>"; };
		931AF5CE1BF177D7002606F6 /* notifications.json */ = {isa = PBXFileReference; fileEncoding = 4; lastKnownFileType = text.json; path = notifications.json; sourceTree = "<group>"; };
		9347E9F41BEF415A007213F0 /* OpenHackathon-Bridging-Header.h */ = {isa = PBXFileReference; lastKnownFileType = sourcecode.c.h; path = "OpenHackathon-Bridging-Header.h"; sourceTree = "<group>"; };
		9347E9F51BEF415A007213F0 /* SWRevealViewController.h */ = {isa = PBXFileReference; fileEncoding = 4; lastKnownFileType = sourcecode.c.h; path = SWRevealViewController.h; sourceTree = "<group>"; };
		9347E9F61BEF415A007213F0 /* SWRevealViewController.m */ = {isa = PBXFileReference; fileEncoding = 4; lastKnownFileType = sourcecode.c.objc; path = SWRevealViewController.m; sourceTree = "<group>"; };
		9347E9F81BEF42F4007213F0 /* MenuTableViewController.swift */ = {isa = PBXFileReference; fileEncoding = 4; lastKnownFileType = sourcecode.swift; path = MenuTableViewController.swift; sourceTree = "<group>"; };
		9347E9FB1BF01BD9007213F0 /* MenuTableViewCell.swift */ = {isa = PBXFileReference; fileEncoding = 4; lastKnownFileType = sourcecode.swift; path = MenuTableViewCell.swift; sourceTree = "<group>"; };
		934DFF301B8532DB00F93769 /* ScheduleTableViewController.swift */ = {isa = PBXFileReference; fileEncoding = 4; lastKnownFileType = sourcecode.swift; path = ScheduleTableViewController.swift; sourceTree = "<group>"; };
		934DFF321B85339400F93769 /* MapsViewController.swift */ = {isa = PBXFileReference; fileEncoding = 4; lastKnownFileType = sourcecode.swift; path = MapsViewController.swift; sourceTree = "<group>"; };
		934DFF341B8533A700F93769 /* UpdatesTableViewController.swift */ = {isa = PBXFileReference; fileEncoding = 4; lastKnownFileType = sourcecode.swift; path = UpdatesTableViewController.swift; sourceTree = "<group>"; };
		9350A6F61BFD5A4F00F6945C /* UpdateViewController.swift */ = {isa = PBXFileReference; fileEncoding = 4; lastKnownFileType = sourcecode.swift; path = UpdateViewController.swift; sourceTree = "<group>"; };
		935A55031BDEF37200A123DD /* SponsorTableViewCell.swift */ = {isa = PBXFileReference; fileEncoding = 4; lastKnownFileType = sourcecode.swift; path = SponsorTableViewCell.swift; sourceTree = "<group>"; };
		935A55051BDF374300A123DD /* Bolts.framework */ = {isa = PBXFileReference; lastKnownFileType = wrapper.framework; path = Bolts.framework; sourceTree = "<group>"; };
		935A55071BDF374F00A123DD /* Parse.framework */ = {isa = PBXFileReference; lastKnownFileType = wrapper.framework; path = Parse.framework; sourceTree = "<group>"; };
		935A550A1BDF378B00A123DD /* AudioToolbox.framework */ = {isa = PBXFileReference; lastKnownFileType = wrapper.framework; name = AudioToolbox.framework; path = System/Library/Frameworks/AudioToolbox.framework; sourceTree = SDKROOT; };
		935A550C1BDF379400A123DD /* CFNetwork.framework */ = {isa = PBXFileReference; lastKnownFileType = wrapper.framework; name = CFNetwork.framework; path = System/Library/Frameworks/CFNetwork.framework; sourceTree = SDKROOT; };
		935A550E1BDF379C00A123DD /* CoreGraphics.framework */ = {isa = PBXFileReference; lastKnownFileType = wrapper.framework; name = CoreGraphics.framework; path = System/Library/Frameworks/CoreGraphics.framework; sourceTree = SDKROOT; };
		935A55101BDF37A500A123DD /* CoreLocation.framework */ = {isa = PBXFileReference; lastKnownFileType = wrapper.framework; name = CoreLocation.framework; path = System/Library/Frameworks/CoreLocation.framework; sourceTree = SDKROOT; };
		935A55121BDF37AB00A123DD /* QuartzCore.framework */ = {isa = PBXFileReference; lastKnownFileType = wrapper.framework; name = QuartzCore.framework; path = System/Library/Frameworks/QuartzCore.framework; sourceTree = SDKROOT; };
		935A55141BDF37B200A123DD /* Security.framework */ = {isa = PBXFileReference; lastKnownFileType = wrapper.framework; name = Security.framework; path = System/Library/Frameworks/Security.framework; sourceTree = SDKROOT; };
		935A55161BDF37B800A123DD /* StoreKit.framework */ = {isa = PBXFileReference; lastKnownFileType = wrapper.framework; name = StoreKit.framework; path = System/Library/Frameworks/StoreKit.framework; sourceTree = SDKROOT; };
		935A55181BDF37C200A123DD /* SystemConfiguration.framework */ = {isa = PBXFileReference; lastKnownFileType = wrapper.framework; name = SystemConfiguration.framework; path = System/Library/Frameworks/SystemConfiguration.framework; sourceTree = SDKROOT; };
		935A551A1BDF37CD00A123DD /* libz.tbd */ = {isa = PBXFileReference; lastKnownFileType = "sourcecode.text-based-dylib-definition"; name = libz.tbd; path = usr/lib/libz.tbd; sourceTree = SDKROOT; };
		935A551C1BDF37D600A123DD /* libsqlite3.tbd */ = {isa = PBXFileReference; lastKnownFileType = "sourcecode.text-based-dylib-definition"; name = libsqlite3.tbd; path = usr/lib/libsqlite3.tbd; sourceTree = SDKROOT; };
		939E63291BE2E42E00E52D9D /* SponsorData.json */ = {isa = PBXFileReference; fileEncoding = 4; lastKnownFileType = text.json; path = SponsorData.json; sourceTree = "<group>"; };
		93A555511B96711A00F81812 /* UpdateTableViewCell.swift */ = {isa = PBXFileReference; fileEncoding = 4; lastKnownFileType = sourcecode.swift; path = UpdateTableViewCell.swift; sourceTree = "<group>"; };
		93A555531B96714900F81812 /* Update.swift */ = {isa = PBXFileReference; fileEncoding = 4; lastKnownFileType = sourcecode.swift; path = Update.swift; sourceTree = "<group>"; };
		93A555551B968D6000F81812 /* MapsContentViewController.swift */ = {isa = PBXFileReference; fileEncoding = 4; lastKnownFileType = sourcecode.swift; path = MapsContentViewController.swift; sourceTree = "<group>"; };
		93A555571B9696E800F81812 /* HackathonInfo.swift */ = {isa = PBXFileReference; fileEncoding = 4; lastKnownFileType = sourcecode.swift; path = HackathonInfo.swift; sourceTree = "<group>"; };
		93A5555B1B96978C00F81812 /* OHTime.swift */ = {isa = PBXFileReference; fileEncoding = 4; lastKnownFileType = sourcecode.swift; path = OHTime.swift; sourceTree = "<group>"; };
		93A5555D1B96C4F800F81812 /* SponsorsTableViewController.swift */ = {isa = PBXFileReference; fileEncoding = 4; lastKnownFileType = sourcecode.swift; path = SponsorsTableViewController.swift; sourceTree = "<group>"; };
		93A5555F1B96C56C00F81812 /* Sponsor.swift */ = {isa = PBXFileReference; fileEncoding = 4; lastKnownFileType = sourcecode.swift; path = Sponsor.swift; sourceTree = "<group>"; };
		93A555631B97BB5600F81812 /* ScheduleTableViewCell.swift */ = {isa = PBXFileReference; fileEncoding = 4; lastKnownFileType = sourcecode.swift; path = ScheduleTableViewCell.swift; sourceTree = "<group>"; };
		AD9535A9D467B82A25C7647E /* Pods_OpenHackathon.framework */ = {isa = PBXFileReference; explicitFileType = wrapper.framework; includeInIndex = 0; path = Pods_OpenHackathon.framework; sourceTree = BUILT_PRODUCTS_DIR; };
		EC9DBBA3AAD98363803E7EA8 /* Pods-OpenHackathon.debug.xcconfig */ = {isa = PBXFileReference; includeInIndex = 1; lastKnownFileType = text.xcconfig; name = "Pods-OpenHackathon.debug.xcconfig"; path = "Pods/Target Support Files/Pods-OpenHackathon/Pods-OpenHackathon.debug.xcconfig"; sourceTree = "<group>"; };
/* End PBXFileReference section */

/* Begin PBXFrameworksBuildPhase section */
		930092DE1B7ACFD20008206C /* Frameworks */ = {
			isa = PBXFrameworksBuildPhase;
			buildActionMask = 2147483647;
			files = (
				935A551D1BDF37D600A123DD /* libsqlite3.tbd in Frameworks */,
				935A551B1BDF37CD00A123DD /* libz.tbd in Frameworks */,
				935A55191BDF37C200A123DD /* SystemConfiguration.framework in Frameworks */,
				935A55171BDF37B800A123DD /* StoreKit.framework in Frameworks */,
				935A55151BDF37B200A123DD /* Security.framework in Frameworks */,
				935A55131BDF37AB00A123DD /* QuartzCore.framework in Frameworks */,
				935A55111BDF37A500A123DD /* CoreLocation.framework in Frameworks */,
				935A550F1BDF379C00A123DD /* CoreGraphics.framework in Frameworks */,
				935A550D1BDF379400A123DD /* CFNetwork.framework in Frameworks */,
				935A550B1BDF378B00A123DD /* AudioToolbox.framework in Frameworks */,
				935A55081BDF374F00A123DD /* Parse.framework in Frameworks */,
				935A55061BDF374300A123DD /* Bolts.framework in Frameworks */,
				55447575237823C69512AAFA /* Pods_OpenHackathon.framework in Frameworks */,
			);
			runOnlyForDeploymentPostprocessing = 0;
		};
		930092F31B7ACFD20008206C /* Frameworks */ = {
			isa = PBXFrameworksBuildPhase;
			buildActionMask = 2147483647;
			files = (
			);
			runOnlyForDeploymentPostprocessing = 0;
		};
/* End PBXFrameworksBuildPhase section */

/* Begin PBXGroup section */
		076A7928196EAC89944CFE8C /* Pods */ = {
			isa = PBXGroup;
			children = (
				EC9DBBA3AAD98363803E7EA8 /* Pods-OpenHackathon.debug.xcconfig */,
				3E84C751766D92E589C16A3E /* Pods-OpenHackathon.release.xcconfig */,
			);
			name = Pods;
			sourceTree = "<group>";
		};
		930092D81B7ACFD20008206C = {
			isa = PBXGroup;
			children = (
				935A55091BDF375B00A123DD /* Frameworks */,
				930092E31B7ACFD20008206C /* OpenHackathon */,
				930092F91B7ACFD20008206C /* OpenHackathonTests */,
				930092E21B7ACFD20008206C /* Products */,
				076A7928196EAC89944CFE8C /* Pods */,
			);
			sourceTree = "<group>";
		};
		930092E21B7ACFD20008206C /* Products */ = {
			isa = PBXGroup;
			children = (
				930092E11B7ACFD20008206C /* OpenHackathon.app */,
				930092F61B7ACFD20008206C /* OpenHackathonTests.xctest */,
			);
			name = Products;
			sourceTree = "<group>";
		};
		930092E31B7ACFD20008206C /* OpenHackathon */ = {
			isa = PBXGroup;
			children = (
				931AF5C91BF05157002606F6 /* Libraries */,
				9347E9FA1BF01B84007213F0 /* Menu */,
				9300930C1B7BFEBE0008206C /* Home */,
				934DFF2C1B85327600F93769 /* Schedule */,
				934DFF2D1B85328000F93769 /* Updates */,
				934DFF2E1B85328800F93769 /* Maps */,
				934DFF2F1B85328F00F93769 /* Sponsors */,
				930092EA1B7ACFD20008206C /* Main.storyboard */,
				930093081B7BF3C20008206C /* OHColor.swift */,
				93A5555B1B96978C00F81812 /* OHTime.swift */,
				9300930A1B7BF5B20008206C /* HackWesternColor.swift */,
				93A555571B9696E800F81812 /* HackathonInfo.swift */,
				930092E41B7ACFD20008206C /* Supporting Files */,
			);
			path = OpenHackathon;
			sourceTree = "<group>";
		};
		930092E41B7ACFD20008206C /* Supporting Files */ = {
			isa = PBXGroup;
			children = (
				930092E61B7ACFD20008206C /* AppDelegate.swift */,
				930092ED1B7ACFD20008206C /* Images.xcassets */,
				930092EF1B7ACFD20008206C /* LaunchScreen.xib */,
				930092E51B7ACFD20008206C /* Info.plist */,
			);
			name = "Supporting Files";
			sourceTree = "<group>";
		};
		930092F91B7ACFD20008206C /* OpenHackathonTests */ = {
			isa = PBXGroup;
			children = (
				930092FC1B7ACFD20008206C /* OpenHackathonTests.swift */,
				930092FA1B7ACFD20008206C /* Supporting Files */,
			);
			path = OpenHackathonTests;
			sourceTree = "<group>";
		};
		930092FA1B7ACFD20008206C /* Supporting Files */ = {
			isa = PBXGroup;
			children = (
				930092FB1B7ACFD20008206C /* Info.plist */,
			);
			name = "Supporting Files";
			sourceTree = "<group>";
		};
		9300930C1B7BFEBE0008206C /* Home */ = {
			isa = PBXGroup;
			children = (
				9300930D1B7BFECE0008206C /* HomeViewController.swift */,
			);
			name = Home;
			sourceTree = "<group>";
		};
		931AF5C91BF05157002606F6 /* Libraries */ = {
			isa = PBXGroup;
			children = (
				9347E9F31BEF414C007213F0 /* SWRevealViewController */,
			);
			name = Libraries;
			sourceTree = "<group>";
		};
		9347E9F31BEF414C007213F0 /* SWRevealViewController */ = {
			isa = PBXGroup;
			children = (
				9347E9F51BEF415A007213F0 /* SWRevealViewController.h */,
				9347E9F61BEF415A007213F0 /* SWRevealViewController.m */,
				9347E9F41BEF415A007213F0 /* OpenHackathon-Bridging-Header.h */,
			);
			name = SWRevealViewController;
			sourceTree = "<group>";
		};
		9347E9FA1BF01B84007213F0 /* Menu */ = {
			isa = PBXGroup;
			children = (
				9347E9F81BEF42F4007213F0 /* MenuTableViewController.swift */,
				9347E9FB1BF01BD9007213F0 /* MenuTableViewCell.swift */,
			);
			name = Menu;
			sourceTree = "<group>";
		};
		934DFF2C1B85327600F93769 /* Schedule */ = {
			isa = PBXGroup;
			children = (
				934DFF301B8532DB00F93769 /* ScheduleTableViewController.swift */,
				93A555631B97BB5600F81812 /* ScheduleTableViewCell.swift */,
				931AF5CA1BF05257002606F6 /* ScheduleItem.swift */,
				931AF5CC1BF088D5002606F6 /* schedule_info.json */,
				931AF5CE1BF177D7002606F6 /* notifications.json */,
			);
			name = Schedule;
			sourceTree = "<group>";
		};
		934DFF2D1B85328000F93769 /* Updates */ = {
			isa = PBXGroup;
			children = (
				934DFF341B8533A700F93769 /* UpdatesTableViewController.swift */,
				93A555511B96711A00F81812 /* UpdateTableViewCell.swift */,
				93A555531B96714900F81812 /* Update.swift */,
				9350A6F61BFD5A4F00F6945C /* UpdateViewController.swift */,
			);
			name = Updates;
			sourceTree = "<group>";
		};
		934DFF2E1B85328800F93769 /* Maps */ = {
			isa = PBXGroup;
			children = (
				934DFF321B85339400F93769 /* MapsViewController.swift */,
				93A555551B968D6000F81812 /* MapsContentViewController.swift */,
			);
			name = Maps;
			sourceTree = "<group>";
		};
		934DFF2F1B85328F00F93769 /* Sponsors */ = {
			isa = PBXGroup;
			children = (
				93A5555D1B96C4F800F81812 /* SponsorsTableViewController.swift */,
				935A55031BDEF37200A123DD /* SponsorTableViewCell.swift */,
				93A5555F1B96C56C00F81812 /* Sponsor.swift */,
				939E63291BE2E42E00E52D9D /* SponsorData.json */,
			);
			name = Sponsors;
			sourceTree = "<group>";
		};
		935A55091BDF375B00A123DD /* Frameworks */ = {
			isa = PBXGroup;
			children = (
				935A551C1BDF37D600A123DD /* libsqlite3.tbd */,
				935A551A1BDF37CD00A123DD /* libz.tbd */,
				935A55181BDF37C200A123DD /* SystemConfiguration.framework */,
				935A55161BDF37B800A123DD /* StoreKit.framework */,
				935A55141BDF37B200A123DD /* Security.framework */,
				935A55121BDF37AB00A123DD /* QuartzCore.framework */,
				935A55101BDF37A500A123DD /* CoreLocation.framework */,
				935A550E1BDF379C00A123DD /* CoreGraphics.framework */,
				935A550C1BDF379400A123DD /* CFNetwork.framework */,
				935A550A1BDF378B00A123DD /* AudioToolbox.framework */,
				935A55051BDF374300A123DD /* Bolts.framework */,
				935A55071BDF374F00A123DD /* Parse.framework */,
				AD9535A9D467B82A25C7647E /* Pods_OpenHackathon.framework */,
			);
			name = Frameworks;
			sourceTree = "<group>";
		};
/* End PBXGroup section */

/* Begin PBXNativeTarget section */
		930092E01B7ACFD20008206C /* OpenHackathon */ = {
			isa = PBXNativeTarget;
			buildConfigurationList = 930093001B7ACFD20008206C /* Build configuration list for PBXNativeTarget "OpenHackathon" */;
			buildPhases = (
				B152476BF6A8E173004A4B05 /* Check Pods Manifest.lock */,
				930092DD1B7ACFD20008206C /* Sources */,
				930092DE1B7ACFD20008206C /* Frameworks */,
				930092DF1B7ACFD20008206C /* Resources */,
				40407E52F437F9B78897FEE2 /* Embed Pods Frameworks */,
				C488CE13C736DCFE3F138A1B /* Copy Pods Resources */,
			);
			buildRules = (
			);
			dependencies = (
			);
			name = OpenHackathon;
			productName = OpenHackathon;
			productReference = 930092E11B7ACFD20008206C /* OpenHackathon.app */;
			productType = "com.apple.product-type.application";
		};
		930092F51B7ACFD20008206C /* OpenHackathonTests */ = {
			isa = PBXNativeTarget;
			buildConfigurationList = 930093031B7ACFD20008206C /* Build configuration list for PBXNativeTarget "OpenHackathonTests" */;
			buildPhases = (
				930092F21B7ACFD20008206C /* Sources */,
				930092F31B7ACFD20008206C /* Frameworks */,
				930092F41B7ACFD20008206C /* Resources */,
			);
			buildRules = (
			);
			dependencies = (
				930092F81B7ACFD20008206C /* PBXTargetDependency */,
			);
			name = OpenHackathonTests;
			productName = OpenHackathonTests;
			productReference = 930092F61B7ACFD20008206C /* OpenHackathonTests.xctest */;
			productType = "com.apple.product-type.bundle.unit-test";
		};
/* End PBXNativeTarget section */

/* Begin PBXProject section */
		930092D91B7ACFD20008206C /* Project object */ = {
			isa = PBXProject;
			attributes = {
				LastSwiftUpdateCheck = 0710;
				LastUpgradeCheck = 0710;
				ORGANIZATIONNAME = "Saad Ahmed";
				TargetAttributes = {
					930092E01B7ACFD20008206C = {
						CreatedOnToolsVersion = 6.4;
						DevelopmentTeam = CF6QY4XVP9;
					};
					930092F51B7ACFD20008206C = {
						CreatedOnToolsVersion = 6.4;
						DevelopmentTeam = CF6QY4XVP9;
						TestTargetID = 930092E01B7ACFD20008206C;
					};
				};
			};
			buildConfigurationList = 930092DC1B7ACFD20008206C /* Build configuration list for PBXProject "OpenHackathon" */;
			compatibilityVersion = "Xcode 3.2";
			developmentRegion = English;
			hasScannedForEncodings = 0;
			knownRegions = (
				en,
				Base,
			);
			mainGroup = 930092D81B7ACFD20008206C;
			productRefGroup = 930092E21B7ACFD20008206C /* Products */;
			projectDirPath = "";
			projectRoot = "";
			targets = (
				930092E01B7ACFD20008206C /* OpenHackathon */,
				930092F51B7ACFD20008206C /* OpenHackathonTests */,
			);
		};
/* End PBXProject section */

/* Begin PBXResourcesBuildPhase section */
		930092DF1B7ACFD20008206C /* Resources */ = {
			isa = PBXResourcesBuildPhase;
			buildActionMask = 2147483647;
			files = (
				939E632B1BE2E65100E52D9D /* SponsorData.json in Resources */,
				931AF5CD1BF088D5002606F6 /* schedule_info.json in Resources */,
				931AF5CF1BF177D7002606F6 /* notifications.json in Resources */,
				930092EC1B7ACFD20008206C /* Main.storyboard in Resources */,
				930092F11B7ACFD20008206C /* LaunchScreen.xib in Resources */,
				930092EE1B7ACFD20008206C /* Images.xcassets in Resources */,
			);
			runOnlyForDeploymentPostprocessing = 0;
		};
		930092F41B7ACFD20008206C /* Resources */ = {
			isa = PBXResourcesBuildPhase;
			buildActionMask = 2147483647;
			files = (
			);
			runOnlyForDeploymentPostprocessing = 0;
		};
/* End PBXResourcesBuildPhase section */

/* Begin PBXShellScriptBuildPhase section */
		40407E52F437F9B78897FEE2 /* Embed Pods Frameworks */ = {
			isa = PBXShellScriptBuildPhase;
			buildActionMask = 2147483647;
			files = (
			);
			inputPaths = (
			);
			name = "Embed Pods Frameworks";
			outputPaths = (
			);
			runOnlyForDeploymentPostprocessing = 0;
			shellPath = /bin/sh;
			shellScript = "\"${SRCROOT}/Pods/Target Support Files/Pods-OpenHackathon/Pods-OpenHackathon-frameworks.sh\"\n";
			showEnvVarsInLog = 0;
		};
		B152476BF6A8E173004A4B05 /* Check Pods Manifest.lock */ = {
			isa = PBXShellScriptBuildPhase;
			buildActionMask = 2147483647;
			files = (
			);
			inputPaths = (
			);
			name = "Check Pods Manifest.lock";
			outputPaths = (
			);
			runOnlyForDeploymentPostprocessing = 0;
			shellPath = /bin/sh;
			shellScript = "diff \"${PODS_ROOT}/../Podfile.lock\" \"${PODS_ROOT}/Manifest.lock\" > /dev/null\nif [[ $? != 0 ]] ; then\n    cat << EOM\nerror: The sandbox is not in sync with the Podfile.lock. Run 'pod install' or update your CocoaPods installation.\nEOM\n    exit 1\nfi\n";
			showEnvVarsInLog = 0;
		};
		C488CE13C736DCFE3F138A1B /* Copy Pods Resources */ = {
			isa = PBXShellScriptBuildPhase;
			buildActionMask = 2147483647;
			files = (
			);
			inputPaths = (
			);
			name = "Copy Pods Resources";
			outputPaths = (
			);
			runOnlyForDeploymentPostprocessing = 0;
			shellPath = /bin/sh;
			shellScript = "\"${SRCROOT}/Pods/Target Support Files/Pods-OpenHackathon/Pods-OpenHackathon-resources.sh\"\n";
			showEnvVarsInLog = 0;
		};
/* End PBXShellScriptBuildPhase section */

/* Begin PBXSourcesBuildPhase section */
		930092DD1B7ACFD20008206C /* Sources */ = {
			isa = PBXSourcesBuildPhase;
			buildActionMask = 2147483647;
			files = (
				93A555601B96C56C00F81812 /* Sponsor.swift in Sources */,
				934DFF351B8533A700F93769 /* UpdatesTableViewController.swift in Sources */,
				93A5555C1B96978C00F81812 /* OHTime.swift in Sources */,
				931AF5CB1BF05257002606F6 /* ScheduleItem.swift in Sources */,
				9347E9F91BEF42F4007213F0 /* MenuTableViewController.swift in Sources */,
				93A555521B96711A00F81812 /* UpdateTableViewCell.swift in Sources */,
				93A555561B968D6000F81812 /* MapsContentViewController.swift in Sources */,
				9347E9F71BEF415A007213F0 /* SWRevealViewController.m in Sources */,
				93A555541B96714900F81812 /* Update.swift in Sources */,
				934DFF311B8532DB00F93769 /* ScheduleTableViewController.swift in Sources */,
				9300930E1B7BFECE0008206C /* HomeViewController.swift in Sources */,
				9350A6F71BFD5A4F00F6945C /* UpdateViewController.swift in Sources */,
				934DFF331B85339400F93769 /* MapsViewController.swift in Sources */,
				935A55041BDEF37200A123DD /* SponsorTableViewCell.swift in Sources */,
				930092E71B7ACFD20008206C /* AppDelegate.swift in Sources */,
				9347E9FC1BF01BD9007213F0 /* MenuTableViewCell.swift in Sources */,
				93A555641B97BB5600F81812 /* ScheduleTableViewCell.swift in Sources */,
				93A5555E1B96C4F800F81812 /* SponsorsTableViewController.swift in Sources */,
				930093091B7BF3C20008206C /* OHColor.swift in Sources */,
				9300930B1B7BF5B20008206C /* HackWesternColor.swift in Sources */,
				93A555581B9696E800F81812 /* HackathonInfo.swift in Sources */,
			);
			runOnlyForDeploymentPostprocessing = 0;
		};
		930092F21B7ACFD20008206C /* Sources */ = {
			isa = PBXSourcesBuildPhase;
			buildActionMask = 2147483647;
			files = (
				930092FD1B7ACFD20008206C /* OpenHackathonTests.swift in Sources */,
			);
			runOnlyForDeploymentPostprocessing = 0;
		};
/* End PBXSourcesBuildPhase section */

/* Begin PBXTargetDependency section */
		930092F81B7ACFD20008206C /* PBXTargetDependency */ = {
			isa = PBXTargetDependency;
			target = 930092E01B7ACFD20008206C /* OpenHackathon */;
			targetProxy = 930092F71B7ACFD20008206C /* PBXContainerItemProxy */;
		};
/* End PBXTargetDependency section */

/* Begin PBXVariantGroup section */
		930092EA1B7ACFD20008206C /* Main.storyboard */ = {
			isa = PBXVariantGroup;
			children = (
				930092EB1B7ACFD20008206C /* Base */,
			);
			name = Main.storyboard;
			sourceTree = "<group>";
		};
		930092EF1B7ACFD20008206C /* LaunchScreen.xib */ = {
			isa = PBXVariantGroup;
			children = (
				930092F01B7ACFD20008206C /* Base */,
			);
			name = LaunchScreen.xib;
			sourceTree = "<group>";
		};
/* End PBXVariantGroup section */

/* Begin XCBuildConfiguration section */
		930092FE1B7ACFD20008206C /* Debug */ = {
			isa = XCBuildConfiguration;
			buildSettings = {
				ALWAYS_SEARCH_USER_PATHS = NO;
				CLANG_CXX_LANGUAGE_STANDARD = "gnu++0x";
				CLANG_CXX_LIBRARY = "libc++";
				CLANG_ENABLE_MODULES = YES;
				CLANG_ENABLE_OBJC_ARC = YES;
				CLANG_WARN_BOOL_CONVERSION = YES;
				CLANG_WARN_CONSTANT_CONVERSION = YES;
				CLANG_WARN_DIRECT_OBJC_ISA_USAGE = YES_ERROR;
				CLANG_WARN_EMPTY_BODY = YES;
				CLANG_WARN_ENUM_CONVERSION = YES;
				CLANG_WARN_INT_CONVERSION = YES;
				CLANG_WARN_OBJC_ROOT_CLASS = YES_ERROR;
				CLANG_WARN_UNREACHABLE_CODE = YES;
				CLANG_WARN__DUPLICATE_METHOD_MATCH = YES;
				CODE_SIGN_IDENTITY = "Apple Development IOS Push Services: Saad.OpenHackathon";
				"CODE_SIGN_IDENTITY[sdk=iphoneos*]" = "Apple Development IOS Push Services: Saad.OpenHackathon";
				COPY_PHASE_STRIP = NO;
				DEBUG_INFORMATION_FORMAT = "dwarf-with-dsym";
				ENABLE_STRICT_OBJC_MSGSEND = YES;
				ENABLE_TESTABILITY = YES;
				GCC_C_LANGUAGE_STANDARD = gnu99;
				GCC_DYNAMIC_NO_PIC = NO;
				GCC_NO_COMMON_BLOCKS = YES;
				GCC_OPTIMIZATION_LEVEL = 0;
				GCC_PREPROCESSOR_DEFINITIONS = (
					"DEBUG=1",
					"$(inherited)",
				);
				GCC_SYMBOLS_PRIVATE_EXTERN = NO;
				GCC_WARN_64_TO_32_BIT_CONVERSION = YES;
				GCC_WARN_ABOUT_RETURN_TYPE = YES_ERROR;
				GCC_WARN_UNDECLARED_SELECTOR = YES;
				GCC_WARN_UNINITIALIZED_AUTOS = YES_AGGRESSIVE;
				GCC_WARN_UNUSED_FUNCTION = YES;
				GCC_WARN_UNUSED_VARIABLE = YES;
				IPHONEOS_DEPLOYMENT_TARGET = 8.4;
				MTL_ENABLE_DEBUG_INFO = YES;
				ONLY_ACTIVE_ARCH = YES;
				SDKROOT = iphoneos;
				SWIFT_OPTIMIZATION_LEVEL = "-Onone";
				TARGETED_DEVICE_FAMILY = "1,2";
			};
			name = Debug;
		};
		930092FF1B7ACFD20008206C /* Release */ = {
			isa = XCBuildConfiguration;
			buildSettings = {
				ALWAYS_SEARCH_USER_PATHS = NO;
				CLANG_CXX_LANGUAGE_STANDARD = "gnu++0x";
				CLANG_CXX_LIBRARY = "libc++";
				CLANG_ENABLE_MODULES = YES;
				CLANG_ENABLE_OBJC_ARC = YES;
				CLANG_WARN_BOOL_CONVERSION = YES;
				CLANG_WARN_CONSTANT_CONVERSION = YES;
				CLANG_WARN_DIRECT_OBJC_ISA_USAGE = YES_ERROR;
				CLANG_WARN_EMPTY_BODY = YES;
				CLANG_WARN_ENUM_CONVERSION = YES;
				CLANG_WARN_INT_CONVERSION = YES;
				CLANG_WARN_OBJC_ROOT_CLASS = YES_ERROR;
				CLANG_WARN_UNREACHABLE_CODE = YES;
				CLANG_WARN__DUPLICATE_METHOD_MATCH = YES;
				CODE_SIGN_IDENTITY = "Apple Development IOS Push Services: Saad.OpenHackathon";
				"CODE_SIGN_IDENTITY[sdk=iphoneos*]" = "Apple Development IOS Push Services: Saad.OpenHackathon";
				COPY_PHASE_STRIP = NO;
				DEBUG_INFORMATION_FORMAT = "dwarf-with-dsym";
				ENABLE_NS_ASSERTIONS = NO;
				ENABLE_STRICT_OBJC_MSGSEND = YES;
				GCC_C_LANGUAGE_STANDARD = gnu99;
				GCC_NO_COMMON_BLOCKS = YES;
				GCC_WARN_64_TO_32_BIT_CONVERSION = YES;
				GCC_WARN_ABOUT_RETURN_TYPE = YES_ERROR;
				GCC_WARN_UNDECLARED_SELECTOR = YES;
				GCC_WARN_UNINITIALIZED_AUTOS = YES_AGGRESSIVE;
				GCC_WARN_UNUSED_FUNCTION = YES;
				GCC_WARN_UNUSED_VARIABLE = YES;
				IPHONEOS_DEPLOYMENT_TARGET = 8.4;
				MTL_ENABLE_DEBUG_INFO = NO;
				SDKROOT = iphoneos;
				TARGETED_DEVICE_FAMILY = "1,2";
				VALIDATE_PRODUCT = YES;
			};
			name = Release;
		};
		930093011B7ACFD20008206C /* Debug */ = {
			isa = XCBuildConfiguration;
			baseConfigurationReference = EC9DBBA3AAD98363803E7EA8 /* Pods-OpenHackathon.debug.xcconfig */;
			buildSettings = {
				ASSETCATALOG_COMPILER_APPICON_NAME = AppIcon;
				CLANG_ENABLE_MODULES = YES;
				CODE_SIGN_IDENTITY = "iPhone Developer";
				"CODE_SIGN_IDENTITY[sdk=iphoneos*]" = "iPhone Developer";
				FRAMEWORK_SEARCH_PATHS = (
					"$(inherited)",
					"$(PROJECT_DIR)",
				);
				INFOPLIST_FILE = OpenHackathon/Info.plist;
				LD_RUNPATH_SEARCH_PATHS = "$(inherited) @executable_path/Frameworks";
				PRODUCT_BUNDLE_IDENTIFIER = "Saad.$(PRODUCT_NAME:rfc1034identifier)";
				PRODUCT_NAME = "$(TARGET_NAME)";
				PROVISIONING_PROFILE = "";
				SWIFT_OBJC_BRIDGING_HEADER = "OpenHackathon/OpenHackathon-Bridging-Header.h";
				SWIFT_OPTIMIZATION_LEVEL = "-Onone";
			};
			name = Debug;
		};
		930093021B7ACFD20008206C /* Release */ = {
			isa = XCBuildConfiguration;
			baseConfigurationReference = 3E84C751766D92E589C16A3E /* Pods-OpenHackathon.release.xcconfig */;
			buildSettings = {
				ASSETCATALOG_COMPILER_APPICON_NAME = AppIcon;
				CLANG_ENABLE_MODULES = YES;
				CODE_SIGN_IDENTITY = "iPhone Developer";
				"CODE_SIGN_IDENTITY[sdk=iphoneos*]" = "iPhone Developer";
				FRAMEWORK_SEARCH_PATHS = (
					"$(inherited)",
					"$(PROJECT_DIR)",
				);
				INFOPLIST_FILE = OpenHackathon/Info.plist;
				LD_RUNPATH_SEARCH_PATHS = "$(inherited) @executable_path/Frameworks";
				PRODUCT_BUNDLE_IDENTIFIER = "Saad.$(PRODUCT_NAME:rfc1034identifier)";
				PRODUCT_NAME = "$(TARGET_NAME)";
				PROVISIONING_PROFILE = "";
				SWIFT_OBJC_BRIDGING_HEADER = "OpenHackathon/OpenHackathon-Bridging-Header.h";
			};
			name = Release;
		};
		930093041B7ACFD20008206C /* Debug */ = {
			isa = XCBuildConfiguration;
			buildSettings = {
				BUNDLE_LOADER = "$(TEST_HOST)";
				CODE_SIGN_IDENTITY = "iPhone Developer";
				"CODE_SIGN_IDENTITY[sdk=iphoneos*]" = "iPhone Developer";
				FRAMEWORK_SEARCH_PATHS = (
					"$(SDKROOT)/Developer/Library/Frameworks",
					"$(inherited)",
				);
				GCC_PREPROCESSOR_DEFINITIONS = (
					"DEBUG=1",
					"$(inherited)",
				);
				INFOPLIST_FILE = OpenHackathonTests/Info.plist;
				LD_RUNPATH_SEARCH_PATHS = "$(inherited) @executable_path/Frameworks @loader_path/Frameworks";
				PRODUCT_BUNDLE_IDENTIFIER = "Saad.$(PRODUCT_NAME:rfc1034identifier)";
				PRODUCT_NAME = "$(TARGET_NAME)";
				PROVISIONING_PROFILE = "";
				TEST_HOST = "$(BUILT_PRODUCTS_DIR)/OpenHackathon.app/OpenHackathon";
			};
			name = Debug;
		};
		930093051B7ACFD20008206C /* Release */ = {
			isa = XCBuildConfiguration;
			buildSettings = {
				BUNDLE_LOADER = "$(TEST_HOST)";
				CODE_SIGN_IDENTITY = "iPhone Developer";
				"CODE_SIGN_IDENTITY[sdk=iphoneos*]" = "iPhone Developer";
				FRAMEWORK_SEARCH_PATHS = (
					"$(SDKROOT)/Developer/Library/Frameworks",
					"$(inherited)",
				);
				INFOPLIST_FILE = OpenHackathonTests/Info.plist;
				LD_RUNPATH_SEARCH_PATHS = "$(inherited) @executable_path/Frameworks @loader_path/Frameworks";
				PRODUCT_BUNDLE_IDENTIFIER = "Saad.$(PRODUCT_NAME:rfc1034identifier)";
				PRODUCT_NAME = "$(TARGET_NAME)";
				PROVISIONING_PROFILE = "";
				TEST_HOST = "$(BUILT_PRODUCTS_DIR)/OpenHackathon.app/OpenHackathon";
			};
			name = Release;
		};
/* End XCBuildConfiguration section */

/* Begin XCConfigurationList section */
		930092DC1B7ACFD20008206C /* Build configuration list for PBXProject "OpenHackathon" */ = {
			isa = XCConfigurationList;
			buildConfigurations = (
				930092FE1B7ACFD20008206C /* Debug */,
				930092FF1B7ACFD20008206C /* Release */,
			);
			defaultConfigurationIsVisible = 0;
			defaultConfigurationName = Release;
		};
		930093001B7ACFD20008206C /* Build configuration list for PBXNativeTarget "OpenHackathon" */ = {
			isa = XCConfigurationList;
			buildConfigurations = (
				930093011B7ACFD20008206C /* Debug */,
				930093021B7ACFD20008206C /* Release */,
			);
			defaultConfigurationIsVisible = 0;
			defaultConfigurationName = Release;
		};
		930093031B7ACFD20008206C /* Build configuration list for PBXNativeTarget "OpenHackathonTests" */ = {
			isa = XCConfigurationList;
			buildConfigurations = (
				930093041B7ACFD20008206C /* Debug */,
				930093051B7ACFD20008206C /* Release */,
			);
			defaultConfigurationIsVisible = 0;
			defaultConfigurationName = Release;
		};
/* End XCConfigurationList section */
	};
	rootObject = 930092D91B7ACFD20008206C /* Project object */;
}
